
Microsoft Visual Studio Solution File, Format Version 12.00
# Visual Studio Version 16
VisualStudioVersion = 16.0.29326.143
MinimumVisualStudioVersion = 10.0.40219.1
Project("{9A19103F-16F7-4668-BE54-9A1E7A4F7556}") = "PTT-GC-API", "PTT-GC-API\PTT-GC-API.csproj", "{7CC6F7BD-444A-4B71-A62A-07D0E5C9A940}"
EndProject
Project("{9A19103F-16F7-4668-BE54-9A1E7A4F7556}") = "XUnitTestInitiatives", "XUnitTestInitiatives\XUnitTestInitiatives.csproj", "{059020FF-AD90-4315-8784-6C4E7E68586B}"
EndProject
Global
	GlobalSection(SolutionConfigurationPlatforms) = preSolution
		Debug|Any CPU = Debug|Any CPU
		QA|Any CPU = QA|Any CPU
		Release|Any CPU = Release|Any CPU
		Training|Any CPU = Training|Any CPU
	EndGlobalSection
	GlobalSection(ProjectConfigurationPlatforms) = postSolution
		{7CC6F7BD-444A-4B71-A62A-07D0E5C9A940}.Debug|Any CPU.ActiveCfg = Debug|Any CPU
		{7CC6F7BD-444A-4B71-A62A-07D0E5C9A940}.Debug|Any CPU.Build.0 = Debug|Any CPU
		{7CC6F7BD-444A-4B71-A62A-07D0E5C9A940}.QA|Any CPU.ActiveCfg = QA|Any CPU
		{7CC6F7BD-444A-4B71-A62A-07D0E5C9A940}.QA|Any CPU.Build.0 = QA|Any CPU
		{7CC6F7BD-444A-4B71-A62A-07D0E5C9A940}.Release|Any CPU.ActiveCfg = Release|Any CPU
		{7CC6F7BD-444A-4B71-A62A-07D0E5C9A940}.Release|Any CPU.Build.0 = Release|Any CPU
		{7CC6F7BD-444A-4B71-A62A-07D0E5C9A940}.Training|Any CPU.ActiveCfg = Training|Any CPU
		{7CC6F7BD-444A-4B71-A62A-07D0E5C9A940}.Training|Any CPU.Build.0 = Training|Any CPU
		{059020FF-AD90-4315-8784-6C4E7E68586B}.Debug|Any CPU.ActiveCfg = Debug|Any CPU
		{059020FF-AD90-4315-8784-6C4E7E68586B}.Debug|Any CPU.Build.0 = Debug|Any CPU
		{059020FF-AD90-4315-8784-6C4E7E68586B}.QA|Any CPU.ActiveCfg = Release|Any CPU
		{059020FF-AD90-4315-8784-6C4E7E68586B}.QA|Any CPU.Build.0 = Release|Any CPU
		{059020FF-AD90-4315-8784-6C4E7E68586B}.Release|Any CPU.ActiveCfg = Release|Any CPU
		{059020FF-AD90-4315-8784-6C4E7E68586B}.Release|Any CPU.Build.0 = Release|Any CPU
		{059020FF-AD90-4315-8784-6C4E7E68586B}.Training|Any CPU.ActiveCfg = Release|Any CPU
		{059020FF-AD90-4315-8784-6C4E7E68586B}.Training|Any CPU.Build.0 = Release|Any CPU
	EndGlobalSection
	GlobalSection(SolutionProperties) = preSolution
		HideSolutionNode = FALSE
	EndGlobalSection
	GlobalSection(ExtensibilityGlobals) = postSolution
		SolutionGuid = {5F81FEB7-9317-4054-AD94-29BE59D64D37}
	EndGlobalSection
EndGlobal
